
Microsoft Visual Studio Solution File, Format Version 12.00
# Visual Studio Version 17
VisualStudioVersion = 17.14.37531.7
MinimumVisualStudioVersion = 10.0.40219.1
Project("{FAE04EC0-301F-11D3-BF4B-00C04F79EFBC}") = "ParkingApp", "ParkingApp\ParkingApp.csproj", "{61156BAB-7625-44FC-A17B-4F05F2FE6332}"
EndProject
Project("{2150E333-8FDC-42A3-9474-1A3956D46DE8}") = "Solution Items", "Solution Items", "{8EC462FD-D22E-90A8-E5CE-7E832BA40C5D}"
	ProjectSection(SolutionItems) = preProject
		.gitignore = .gitignore
	EndProjectSection
EndProject
Global
	GlobalSection(SolutionConfigurationPlatforms) = preSolution
		Debug|Any CPU = Debug|Any CPU
		Release|Any CPU = Release|Any CPU
	EndGlobalSection
	GlobalSection(ProjectConfigurationPlatforms) = postSolution
		{61156BAB-7625-44FC-A17B-4F05F2FE6332}.Debug|Any CPU.ActiveCfg = Debug|Any CPU
		{61156BAB-7625-44FC-A17B-4F05F2FE6332}.Debug|Any CPU.Build.0 = Debug|Any CPU
		{61156BAB-7625-44FC-A17B-4F05F2FE6332}.Release|Any CPU.ActiveCfg = Release|Any CPU
		{61156BAB-7625-44FC-A17B-4F05F2FE6332}.Release|Any CPU.Build.0 = Release|Any CPU
	EndGlobalSection
	GlobalSection(SolutionProperties) = preSolution
		HideSolutionNode = FALSE
	EndGlobalSection
	GlobalSection(ExtensibilityGlobals) = postSolution
		SolutionGuid = {85BEF5B2-1B36-49DD-A277-571017C43F9A}
	EndGlobalSection
EndGlobal
